
Microsoft Visual Studio Solution File, Format Version 12.00
# Visual Studio Version 16
VisualStudioVersion = 16.0.31515.178
MinimumVisualStudioVersion = 10.0.40219.1
Project("{9A19103F-16F7-4668-BE54-9A1E7A4F7556}") = "BlazorUI", "BlazorUI\BlazorUI.csproj", "{8EE9E88F-820F-4AF5-B115-66E662B67C11}"
EndProject
Project("{9A19103F-16F7-4668-BE54-9A1E7A4F7556}") = "GameLibrary", "GameLibrary\GameLibrary.csproj", "{4104A6E1-B0F4-4C83-8889-8B33CB83F1F4}"
EndProject
Project("{FAE04EC0-301F-11D3-BF4B-00C04F79EFBC}") = "TestConsoleUI", "TestConsoleUI\TestConsoleUI.csproj", "{526BC4B9-39E2-4C75-BA46-17007AB5D27A}"
EndProject
Global
	GlobalSection(SolutionConfigurationPlatforms) = preSolution
		Debug|Any CPU = Debug|Any CPU
		Release|Any CPU = Release|Any CPU
	EndGlobalSection
	GlobalSection(ProjectConfigurationPlatforms) = postSolution
		{8EE9E88F-820F-4AF5-B115-66E662B67C11}.Debug|Any CPU.ActiveCfg = Debug|Any CPU
		{8EE9E88F-820F-4AF5-B115-66E662B67C11}.Debug|Any CPU.Build.0 = Debug|Any CPU
		{8EE9E88F-820F-4AF5-B115-66E662B67C11}.Release|Any CPU.ActiveCfg = Release|Any CPU
		{8EE9E88F-820F-4AF5-B115-66E662B67C11}.Release|Any CPU.Build.0 = Release|Any CPU
		{4104A6E1-B0F4-4C83-8889-8B33CB83F1F4}.Debug|Any CPU.ActiveCfg = Debug|Any CPU
		{4104A6E1-B0F4-4C83-8889-8B33CB83F1F4}.Debug|Any CPU.Build.0 = Debug|Any CPU
		{4104A6E1-B0F4-4C83-8889-8B33CB83F1F4}.Release|Any CPU.ActiveCfg = Release|Any CPU
		{4104A6E1-B0F4-4C83-8889-8B33CB83F1F4}.Release|Any CPU.Build.0 = Release|Any CPU
		{526BC4B9-39E2-4C75-BA46-17007AB5D27A}.Debug|Any CPU.ActiveCfg = Debug|Any CPU
		{526BC4B9-39E2-4C75-BA46-17007AB5D27A}.Debug|Any CPU.Build.0 = Debug|Any CPU
		{526BC4B9-39E2-4C75-BA46-17007AB5D27A}.Release|Any CPU.ActiveCfg = Release|Any CPU
		{526BC4B9-39E2-4C75-BA46-17007AB5D27A}.Release|Any CPU.Build.0 = Release|Any CPU
	EndGlobalSection
	GlobalSection(SolutionProperties) = preSolution
		HideSolutionNode = FALSE
	EndGlobalSection
	GlobalSection(ExtensibilityGlobals) = postSolution
		SolutionGuid = {DBC4147B-CD89-4369-AC0C-5D65C9B882E9}
	EndGlobalSection
EndGlobal
